// !$*UTF8*$!
{
	archiveVersion = 1;
	classes = {
	};
	objectVersion = 50;
	objects = {

/* Begin PBXBuildFile section */
		7A76CC2825657B1E00F7D755 /* 752 Function w Loop Shampoo.cpp in Sources */ = {isa = PBXBuildFile; fileRef = 7A76CC2725657B1E00F7D755 /* 752 Function w Loop Shampoo.cpp */; };
		7A76CC2C2565BA9600F7D755 /* 781 Function Errors Copying Function.cpp in Sources */ = {isa = PBXBuildFile; fileRef = 7A76CC2B2565BA9600F7D755 /* 781 Function Errors Copying Function.cpp */; };
		7A76CC392565CFFB00F7D755 /* 793 CalculatingMoney.cpp in Sources */ = {isa = PBXBuildFile; fileRef = 7A76CC372565CFFB00F7D755 /* 793 CalculatingMoney.cpp */; };
		7A7A4E402576A5B100281DE0 /* 8 2 2 Basic Class Use.cpp in Sources */ = {isa = PBXBuildFile; fileRef = 7A7A4E3F2576A5B100281DE0 /* 8 2 2 Basic Class Use.cpp */; };
		7A8EE01125754C290047C08F /* 7 21 Domain w Validation Functions.cpp in Sources */ = {isa = PBXBuildFile; fileRef = 7A8EE01025754C290047C08F /* 7 21 Domain w Validation Functions.cpp */; };
		7AC116D8256C4C87002FC27D /* 7 10 1 Modify Array.cpp in Sources */ = {isa = PBXBuildFile; fileRef = 7AC116D6256C4C87002FC27D /* 7 10 1 Modify Array.cpp */; };
		7AD0329125506FDC0056E01D /* main.cpp in Sources */ = {isa = PBXBuildFile; fileRef = 7AD0329025506FDC0056E01D /* main.cpp */; };
		7AE927532566ED0300977C6B /* 791 Function pass by ref transforming coordinates.cpp in Sources */ = {isa = PBXBuildFile; fileRef = 7AE927512566ED0300977C6B /* 791 Function pass by ref transforming coordinates.cpp */; };
		7AF107C9255F070600D2CBAD /* 6_22 SalaryCalcWVectors.cpp in Sources */ = {isa = PBXBuildFile; fileRef = 7AF107C7255F070600D2CBAD /* 6_22 SalaryCalcWVectors.cpp */; };
		7AF95525256D6A6A00D9F292 /* 7 12 1 Use an existing function.cpp in Sources */ = {isa = PBXBuildFile; fileRef = 7AF95524256D6A6900D9F292 /* 7 12 1 Use an existing function.cpp */; };
		7AF95528256D71B800D9F292 /* 7 12 2 Modify a string parameter.cpp in Sources */ = {isa = PBXBuildFile; fileRef = 7AF95527256D71B800D9F292 /* 7 12 2 Modify a string parameter.cpp */; };
		7AF9552B256D780600D9F292 /* 7 12 3 Modify a vector parameter.cpp in Sources */ = {isa = PBXBuildFile; fileRef = 7AF9552A256D780600D9F292 /* 7 12 3 Modify a vector parameter.cpp */; };
		7AF9552E256DB1B400D9F292 /* 7 13 1 Modify a C string parameter.cpp in Sources */ = {isa = PBXBuildFile; fileRef = 7AF9552D256DB1B300D9F292 /* 7 13 1 Modify a C string parameter.cpp */; };
		7AF95531256ED4F800D9F292 /* 7 16 1 Return number of pennies in total.cpp in Sources */ = {isa = PBXBuildFile; fileRef = 7AF95530256ED4F800D9F292 /* 7 16 1 Return number of pennies in total.cpp */; };
/* End PBXBuildFile section */

/* Begin PBXCopyFilesBuildPhase section */
		7AD0328B25506FDC0056E01D /* CopyFiles */ = {
			isa = PBXCopyFilesBuildPhase;
			buildActionMask = 2147483647;
			dstPath = /usr/share/man/man1/;
			dstSubfolderSpec = 0;
			files = (
			);
			runOnlyForDeploymentPostprocessing = 1;
		};
/* End PBXCopyFilesBuildPhase section */

/* Begin PBXFileReference section */
		7A76CC2725657B1E00F7D755 /* 752 Function w Loop Shampoo.cpp */ = {isa = PBXFileReference; lastKnownFileType = sourcecode.cpp.cpp; path = "752 Function w Loop Shampoo.cpp"; sourceTree = "<group>"; usesTabs = 1; };
		7A76CC2B2565BA9600F7D755 /* 781 Function Errors Copying Function.cpp */ = {isa = PBXFileReference; lastKnownFileType = sourcecode.cpp.cpp; path = "781 Function Errors Copying Function.cpp"; sourceTree = "<group>"; };
		7A76CC372565CFFB00F7D755 /* 793 CalculatingMoney.cpp */ = {isa = PBXFileReference; lastKnownFileType = sourcecode.cpp.cpp; path = "793 CalculatingMoney.cpp"; sourceTree = "<group>"; };
		7A76CC382565CFFB00F7D755 /* 793 CalculatingMoney.hpp */ = {isa = PBXFileReference; lastKnownFileType = sourcecode.cpp.h; path = "793 CalculatingMoney.hpp"; sourceTree = "<group>"; };
		7A7A4E3F2576A5B100281DE0 /* 8 2 2 Basic Class Use.cpp */ = {isa = PBXFileReference; lastKnownFileType = sourcecode.cpp.cpp; path = "8 2 2 Basic Class Use.cpp"; sourceTree = "<group>"; };
		7A8EE01025754C290047C08F /* 7 21 Domain w Validation Functions.cpp */ = {isa = PBXFileReference; lastKnownFileType = sourcecode.cpp.cpp; path = "7 21 Domain w Validation Functions.cpp"; sourceTree = "<group>"; };
		7AC116D6256C4C87002FC27D /* 7 10 1 Modify Array.cpp */ = {isa = PBXFileReference; lastKnownFileType = sourcecode.cpp.cpp; path = "7 10 1 Modify Array.cpp"; sourceTree = "<group>"; };
		7AC116D7256C4C87002FC27D /* 7 10 1 Modify Array.hpp */ = {isa = PBXFileReference; lastKnownFileType = sourcecode.cpp.h; path = "7 10 1 Modify Array.hpp"; sourceTree = "<group>"; };
		7AD0328D25506FDC0056E01D /* WGU Tester */ = {isa = PBXFileReference; explicitFileType = "compiled.mach-o.executable"; includeInIndex = 0; path = "WGU Tester"; sourceTree = BUILT_PRODUCTS_DIR; };
		7AD0329025506FDC0056E01D /* main.cpp */ = {isa = PBXFileReference; lastKnownFileType = sourcecode.cpp.cpp; path = main.cpp; sourceTree = "<group>"; };
		7AE927512566ED0300977C6B /* 791 Function pass by ref transforming coordinates.cpp */ = {isa = PBXFileReference; lastKnownFileType = sourcecode.cpp.cpp; path = "791 Function pass by ref transforming coordinates.cpp"; sourceTree = "<group>"; };
		7AE927522566ED0300977C6B /* 791 Function pass by ref transforming coordinates.hpp */ = {isa = PBXFileReference; lastKnownFileType = sourcecode.cpp.h; path = "791 Function pass by ref transforming coordinates.hpp"; sourceTree = "<group>"; };
		7AF107C7255F070600D2CBAD /* 6_22 SalaryCalcWVectors.cpp */ = {isa = PBXFileReference; lastKnownFileType = sourcecode.cpp.cpp; path = "6_22 SalaryCalcWVectors.cpp"; sourceTree = "<group>"; };
		7AF107C8255F070600D2CBAD /* 6_22 SalaryCalcWVectors.hpp */ = {isa = PBXFileReference; lastKnownFileType = sourcecode.cpp.h; path = "6_22 SalaryCalcWVectors.hpp"; sourceTree = "<group>"; };
		7AF95524256D6A6900D9F292 /* 7 12 1 Use an existing function.cpp */ = {isa = PBXFileReference; lastKnownFileType = sourcecode.cpp.cpp; path = "7 12 1 Use an existing function.cpp"; sourceTree = "<group>"; };
		7AF95527256D71B800D9F292 /* 7 12 2 Modify a string parameter.cpp */ = {isa = PBXFileReference; lastKnownFileType = sourcecode.cpp.cpp; path = "7 12 2 Modify a string parameter.cpp"; sourceTree = "<group>"; };
		7AF9552A256D780600D9F292 /* 7 12 3 Modify a vector parameter.cpp */ = {isa = PBXFileReference; lastKnownFileType = sourcecode.cpp.cpp; path = "7 12 3 Modify a vector parameter.cpp"; sourceTree = "<group>"; };
		7AF9552D256DB1B300D9F292 /* 7 13 1 Modify a C string parameter.cpp */ = {isa = PBXFileReference; lastKnownFileType = sourcecode.cpp.cpp; path = "7 13 1 Modify a C string parameter.cpp"; sourceTree = "<group>"; };
		7AF95530256ED4F800D9F292 /* 7 16 1 Return number of pennies in total.cpp */ = {isa = PBXFileReference; lastKnownFileType = sourcecode.cpp.cpp; path = "7 16 1 Return number of pennies in total.cpp"; sourceTree = "<group>"; };
/* End PBXFileReference section */

/* Begin PBXFrameworksBuildPhase section */
		7AD0328A25506FDC0056E01D /* Frameworks */ = {
			isa = PBXFrameworksBuildPhase;
			buildActionMask = 2147483647;
			files = (
			);
			runOnlyForDeploymentPostprocessing = 0;
		};
/* End PBXFrameworksBuildPhase section */

/* Begin PBXGroup section */
		7AD0328425506FDC0056E01D = {
			isa = PBXGroup;
			children = (
				7AD0328F25506FDC0056E01D /* WGU Tester */,
				7AD0328E25506FDC0056E01D /* Products */,
			);
			sourceTree = "<group>";
		};
		7AD0328E25506FDC0056E01D /* Products */ = {
			isa = PBXGroup;
			children = (
				7AD0328D25506FDC0056E01D /* WGU Tester */,
			);
			name = Products;
			sourceTree = "<group>";
		};
		7AD0328F25506FDC0056E01D /* WGU Tester */ = {
			isa = PBXGroup;
			children = (
				7AD0329025506FDC0056E01D /* main.cpp */,
				7A8EE01025754C290047C08F /* 7 21 Domain w Validation Functions.cpp */,
				7AF95527256D71B800D9F292 /* 7 12 2 Modify a string parameter.cpp */,
				7AF9552A256D780600D9F292 /* 7 12 3 Modify a vector parameter.cpp */,
				7AF9552D256DB1B300D9F292 /* 7 13 1 Modify a C string parameter.cpp */,
				7AF95530256ED4F800D9F292 /* 7 16 1 Return number of pennies in total.cpp */,
				7AC116D6256C4C87002FC27D /* 7 10 1 Modify Array.cpp */,
				7AF95524256D6A6900D9F292 /* 7 12 1 Use an existing function.cpp */,
				7AC116D7256C4C87002FC27D /* 7 10 1 Modify Array.hpp */,
				7AE927512566ED0300977C6B /* 791 Function pass by ref transforming coordinates.cpp */,
				7AE927522566ED0300977C6B /* 791 Function pass by ref transforming coordinates.hpp */,
				7A76CC2B2565BA9600F7D755 /* 781 Function Errors Copying Function.cpp */,
				7A76CC372565CFFB00F7D755 /* 793 CalculatingMoney.cpp */,
				7A76CC382565CFFB00F7D755 /* 793 CalculatingMoney.hpp */,
				7AF107C7255F070600D2CBAD /* 6_22 SalaryCalcWVectors.cpp */,
				7A76CC2725657B1E00F7D755 /* 752 Function w Loop Shampoo.cpp */,
				7AF107C8255F070600D2CBAD /* 6_22 SalaryCalcWVectors.hpp */,
				7A7A4E3F2576A5B100281DE0 /* 8 2 2 Basic Class Use.cpp */,
			);
			path = "WGU Tester";
			sourceTree = "<group>";
		};
/* End PBXGroup section */

/* Begin PBXNativeTarget section */
		7AD0328C25506FDC0056E01D /* WGU Tester */ = {
			isa = PBXNativeTarget;
			buildConfigurationList = 7AD0329425506FDC0056E01D /* Build configuration list for PBXNativeTarget "WGU Tester" */;
			buildPhases = (
				7AD0328925506FDC0056E01D /* Sources */,
				7AD0328A25506FDC0056E01D /* Frameworks */,
				7AD0328B25506FDC0056E01D /* CopyFiles */,
			);
			buildRules = (
			);
			dependencies = (
			);
			name = "WGU Tester";
			productName = "WGU Tester";
			productReference = 7AD0328D25506FDC0056E01D /* WGU Tester */;
			productType = "com.apple.product-type.tool";
		};
/* End PBXNativeTarget section */

/* Begin PBXProject section */
		7AD0328525506FDC0056E01D /* Project object */ = {
			isa = PBXProject;
			attributes = {
				LastUpgradeCheck = 1210;
				TargetAttributes = {
					7AD0328C25506FDC0056E01D = {
						CreatedOnToolsVersion = 12.1;
					};
				};
			};
			buildConfigurationList = 7AD0328825506FDC0056E01D /* Build configuration list for PBXProject "WGU Tester" */;
			compatibilityVersion = "Xcode 9.3";
			developmentRegion = en;
			hasScannedForEncodings = 0;
			knownRegions = (
				en,
				Base,
			);
			mainGroup = 7AD0328425506FDC0056E01D;
			productRefGroup = 7AD0328E25506FDC0056E01D /* Products */;
			projectDirPath = "";
			projectRoot = "";
			targets = (
				7AD0328C25506FDC0056E01D /* WGU Tester */,
			);
		};
/* End PBXProject section */

/* Begin PBXSourcesBuildPhase section */
		7AD0328925506FDC0056E01D /* Sources */ = {
			isa = PBXSourcesBuildPhase;
			buildActionMask = 2147483647;
			files = (
				7A76CC392565CFFB00F7D755 /* 793 CalculatingMoney.cpp in Sources */,
				7A76CC2825657B1E00F7D755 /* 752 Function w Loop Shampoo.cpp in Sources */,
				7AD0329125506FDC0056E01D /* main.cpp in Sources */,
				7AF107C9255F070600D2CBAD /* 6_22 SalaryCalcWVectors.cpp in Sources */,
				7AF95525256D6A6A00D9F292 /* 7 12 1 Use an existing function.cpp in Sources */,
				7AF9552E256DB1B400D9F292 /* 7 13 1 Modify a C string parameter.cpp in Sources */,
				7A76CC2C2565BA9600F7D755 /* 781 Function Errors Copying Function.cpp in Sources */,
				7A7A4E402576A5B100281DE0 /* 8 2 2 Basic Class Use.cpp in Sources */,
				7A8EE01125754C290047C08F /* 7 21 Domain w Validation Functions.cpp in Sources */,
				7AF95528256D71B800D9F292 /* 7 12 2 Modify a string parameter.cpp in Sources */,
				7AC116D8256C4C87002FC27D /* 7 10 1 Modify Array.cpp in Sources */,
				7AE927532566ED0300977C6B /* 791 Function pass by ref transforming coordinates.cpp in Sources */,
				7AF9552B256D780600D9F292 /* 7 12 3 Modify a vector parameter.cpp in Sources */,
				7AF95531256ED4F800D9F292 /* 7 16 1 Return number of pennies in total.cpp in Sources */,
			);
			runOnlyForDeploymentPostprocessing = 0;
		};
/* End PBXSourcesBuildPhase section */

/* Begin XCBuildConfiguration section */
		7AD0329225506FDC0056E01D /* Debug */ = {
			isa = XCBuildConfiguration;
			buildSettings = {
				ALWAYS_SEARCH_USER_PATHS = NO;
				CLANG_ANALYZER_NONNULL = YES;
				CLANG_ANALYZER_NUMBER_OBJECT_CONVERSION = YES_AGGRESSIVE;
				CLANG_CXX_LANGUAGE_STANDARD = "gnu++14";
				CLANG_CXX_LIBRARY = "libc++";
				CLANG_ENABLE_MODULES = YES;
				CLANG_ENABLE_OBJC_ARC = YES;
				CLANG_ENABLE_OBJC_WEAK = YES;
				CLANG_WARN_BLOCK_CAPTURE_AUTORELEASING = YES;
				CLANG_WARN_BOOL_CONVERSION = YES;
				CLANG_WARN_COMMA = YES;
				CLANG_WARN_CONSTANT_CONVERSION = YES;
				CLANG_WARN_DEPRECATED_OBJC_IMPLEMENTATIONS = YES;
				CLANG_WARN_DIRECT_OBJC_ISA_USAGE = YES_ERROR;
				CLANG_WARN_DOCUMENTATION_COMMENTS = YES;
				CLANG_WARN_EMPTY_BODY = YES;
				CLANG_WARN_ENUM_CONVERSION = YES;
				CLANG_WARN_INFINITE_RECURSION = YES;
				CLANG_WARN_INT_CONVERSION = YES;
				CLANG_WARN_NON_LITERAL_NULL_CONVERSION = YES;
				CLANG_WARN_OBJC_IMPLICIT_RETAIN_SELF = YES;
				CLANG_WARN_OBJC_LITERAL_CONVERSION = YES;
				CLANG_WARN_OBJC_ROOT_CLASS = YES_ERROR;
				CLANG_WARN_QUOTED_INCLUDE_IN_FRAMEWORK_HEADER = YES;
				CLANG_WARN_RANGE_LOOP_ANALYSIS = YES;
				CLANG_WARN_STRICT_PROTOTYPES = YES;
				CLANG_WARN_SUSPICIOUS_MOVE = YES;
				CLANG_WARN_UNGUARDED_AVAILABILITY = YES_AGGRESSIVE;
				CLANG_WARN_UNREACHABLE_CODE = YES;
				CLANG_WARN__DUPLICATE_METHOD_MATCH = YES;
				COPY_PHASE_STRIP = NO;
				DEBUG_INFORMATION_FORMAT = dwarf;
				ENABLE_STRICT_OBJC_MSGSEND = YES;
				ENABLE_TESTABILITY = YES;
				GCC_C_LANGUAGE_STANDARD = gnu11;
				GCC_DYNAMIC_NO_PIC = NO;
				GCC_NO_COMMON_BLOCKS = YES;
				GCC_OPTIMIZATION_LEVEL = 0;
				GCC_PREPROCESSOR_DEFINITIONS = (
					"DEBUG=1",
					"$(inherited)",
				);
				GCC_WARN_64_TO_32_BIT_CONVERSION = YES;
				GCC_WARN_ABOUT_RETURN_TYPE = YES_ERROR;
				GCC_WARN_UNDECLARED_SELECTOR = YES;
				GCC_WARN_UNINITIALIZED_AUTOS = YES_AGGRESSIVE;
				GCC_WARN_UNUSED_FUNCTION = YES;
				GCC_WARN_UNUSED_VARIABLE = YES;
				MACOSX_DEPLOYMENT_TARGET = 10.15;
				MTL_ENABLE_DEBUG_INFO = INCLUDE_SOURCE;
				MTL_FAST_MATH = YES;
				ONLY_ACTIVE_ARCH = YES;
				SDKROOT = macosx;
			};
			name = Debug;
		};
		7AD0329325506FDC0056E01D /* Release */ = {
			isa = XCBuildConfiguration;
			buildSettings = {
				ALWAYS_SEARCH_USER_PATHS = NO;
				CLANG_ANALYZER_NONNULL = YES;
				CLANG_ANALYZER_NUMBER_OBJECT_CONVERSION = YES_AGGRESSIVE;
				CLANG_CXX_LANGUAGE_STANDARD = "gnu++14";
				CLANG_CXX_LIBRARY = "libc++";
				CLANG_ENABLE_MODULES = YES;
				CLANG_ENABLE_OBJC_ARC = YES;
				CLANG_ENABLE_OBJC_WEAK = YES;
				CLANG_WARN_BLOCK_CAPTURE_AUTORELEASING = YES;
				CLANG_WARN_BOOL_CONVERSION = YES;
				CLANG_WARN_COMMA = YES;
				CLANG_WARN_CONSTANT_CONVERSION = YES;
				CLANG_WARN_DEPRECATED_OBJC_IMPLEMENTATIONS = YES;
				CLANG_WARN_DIRECT_OBJC_ISA_USAGE = YES_ERROR;
				CLANG_WARN_DOCUMENTATION_COMMENTS = YES;
				CLANG_WARN_EMPTY_BODY = YES;
				CLANG_WARN_ENUM_CONVERSION = YES;
				CLANG_WARN_INFINITE_RECURSION = YES;
				CLANG_WARN_INT_CONVERSION = YES;
				CLANG_WARN_NON_LITERAL_NULL_CONVERSION = YES;
				CLANG_WARN_OBJC_IMPLICIT_RETAIN_SELF = YES;
				CLANG_WARN_OBJC_LITERAL_CONVERSION = YES;
				CLANG_WARN_OBJC_ROOT_CLASS = YES_ERROR;
				CLANG_WARN_QUOTED_INCLUDE_IN_FRAMEWORK_HEADER = YES;
				CLANG_WARN_RANGE_LOOP_ANALYSIS = YES;
				CLANG_WARN_STRICT_PROTOTYPES = YES;
				CLANG_WARN_SUSPICIOUS_MOVE = YES;
				CLANG_WARN_UNGUARDED_AVAILABILITY = YES_AGGRESSIVE;
				CLANG_WARN_UNREACHABLE_CODE = YES;
				CLANG_WARN__DUPLICATE_METHOD_MATCH = YES;
				COPY_PHASE_STRIP = NO;
				DEBUG_INFORMATION_FORMAT = "dwarf-with-dsym";
				ENABLE_NS_ASSERTIONS = NO;
				ENABLE_STRICT_OBJC_MSGSEND = YES;
				GCC_C_LANGUAGE_STANDARD = gnu11;
				GCC_NO_COMMON_BLOCKS = YES;
				GCC_WARN_64_TO_32_BIT_CONVERSION = YES;
				GCC_WARN_ABOUT_RETURN_TYPE = YES_ERROR;
				GCC_WARN_UNDECLARED_SELECTOR = YES;
				GCC_WARN_UNINITIALIZED_AUTOS = YES_AGGRESSIVE;
				GCC_WARN_UNUSED_FUNCTION = YES;
				GCC_WARN_UNUSED_VARIABLE = YES;
				MACOSX_DEPLOYMENT_TARGET = 10.15;
				MTL_ENABLE_DEBUG_INFO = NO;
				MTL_FAST_MATH = YES;
				SDKROOT = macosx;
			};
			name = Release;
		};
		7AD0329525506FDC0056E01D /* Debug */ = {
			isa = XCBuildConfiguration;
			buildSettings = {
				CODE_SIGN_STYLE = Automatic;
				PRODUCT_NAME = "$(TARGET_NAME)";
			};
			name = Debug;
		};
		7AD0329625506FDC0056E01D /* Release */ = {
			isa = XCBuildConfiguration;
			buildSettings = {
				CODE_SIGN_STYLE = Automatic;
				PRODUCT_NAME = "$(TARGET_NAME)";
			};
			name = Release;
		};
/* End XCBuildConfiguration section */

/* Begin XCConfigurationList section */
		7AD0328825506FDC0056E01D /* Build configuration list for PBXProject "WGU Tester" */ = {
			isa = XCConfigurationList;
			buildConfigurations = (
				7AD0329225506FDC0056E01D /* Debug */,
				7AD0329325506FDC0056E01D /* Release */,
			);
			defaultConfigurationIsVisible = 0;
			defaultConfigurationName = Release;
		};
		7AD0329425506FDC0056E01D /* Build configuration list for PBXNativeTarget "WGU Tester" */ = {
			isa = XCConfigurationList;
			buildConfigurations = (
				7AD0329525506FDC0056E01D /* Debug */,
				7AD0329625506FDC0056E01D /* Release */,
			);
			defaultConfigurationIsVisible = 0;
			defaultConfigurationName = Release;
		};
/* End XCConfigurationList section */
	};
	rootObject = 7AD0328525506FDC0056E01D /* Project object */;
}
